
Microsoft Visual Studio Solution File, Format Version 12.00
# Visual Studio Version 16
VisualStudioVersion = 16.0.34601.136
MinimumVisualStudioVersion = 10.0.40219.1
Project("{FAE04EC0-301F-11D3-BF4B-00C04F79EFBC}") = "ArregloUniD5", "ArregloUniD5\ArregloUniD5.csproj", "{357CC85A-F587-4AC2-8FE4-0FD2C2AD049B}"
EndProject
Global
	GlobalSection(SolutionConfigurationPlatforms) = preSolution
		Debug|Any CPU = Debug|Any CPU
		Release|Any CPU = Release|Any CPU
	EndGlobalSection
	GlobalSection(ProjectConfigurationPlatforms) = postSolution
		{357CC85A-F587-4AC2-8FE4-0FD2C2AD049B}.Debug|Any CPU.ActiveCfg = Debug|Any CPU
		{357CC85A-F587-4AC2-8FE4-0FD2C2AD049B}.Debug|Any CPU.Build.0 = Debug|Any CPU
		{357CC85A-F587-4AC2-8FE4-0FD2C2AD049B}.Release|Any CPU.ActiveCfg = Release|Any CPU
		{357CC85A-F587-4AC2-8FE4-0FD2C2AD049B}.Release|Any CPU.Build.0 = Release|Any CPU
	EndGlobalSection
	GlobalSection(SolutionProperties) = preSolution
		HideSolutionNode = FALSE
	EndGlobalSection
	GlobalSection(ExtensibilityGlobals) = postSolution
		SolutionGuid = {E99664E4-1912-4A19-B120-D5197B883762}
	EndGlobalSection
EndGlobal
